
Microsoft Visual Studio Solution File, Format Version 12.00
# Visual Studio Version 17
VisualStudioVersion = 17.4.33103.184
MinimumVisualStudioVersion = 10.0.40219.1
Project("{FAE04EC0-301F-11D3-BF4B-00C04F79EFBC}") = "Unit_TestAuth", "Unit_TestAuth\Unit_TestAuth.csproj", "{0AEE95F5-699C-4280-A5E5-3B7A04524364}"
EndProject
Project("{FAE04EC0-301F-11D3-BF4B-00C04F79EFBC}") = "Unit_TestAuthTests", "Unit_TestAuthTests\Unit_TestAuthTests.csproj", "{02738F3C-8148-4328-89D4-81BE1222456A}"
EndProject
Global
	GlobalSection(SolutionConfigurationPlatforms) = preSolution
		Debug|Any CPU = Debug|Any CPU
		Release|Any CPU = Release|Any CPU
	EndGlobalSection
	GlobalSection(ProjectConfigurationPlatforms) = postSolution
		{0AEE95F5-699C-4280-A5E5-3B7A04524364}.Debug|Any CPU.ActiveCfg = Debug|Any CPU
		{0AEE95F5-699C-4280-A5E5-3B7A04524364}.Debug|Any CPU.Build.0 = Debug|Any CPU
		{0AEE95F5-699C-4280-A5E5-3B7A04524364}.Release|Any CPU.ActiveCfg = Release|Any CPU
		{0AEE95F5-699C-4280-A5E5-3B7A04524364}.Release|Any CPU.Build.0 = Release|Any CPU
		{02738F3C-8148-4328-89D4-81BE1222456A}.Debug|Any CPU.ActiveCfg = Debug|Any CPU
		{02738F3C-8148-4328-89D4-81BE1222456A}.Debug|Any CPU.Build.0 = Debug|Any CPU
		{02738F3C-8148-4328-89D4-81BE1222456A}.Release|Any CPU.ActiveCfg = Release|Any CPU
		{02738F3C-8148-4328-89D4-81BE1222456A}.Release|Any CPU.Build.0 = Release|Any CPU
	EndGlobalSection
	GlobalSection(SolutionProperties) = preSolution
		HideSolutionNode = FALSE
	EndGlobalSection
	GlobalSection(ExtensibilityGlobals) = postSolution
		SolutionGuid = {C58294BD-B7C5-4DBF-A81E-B66DADB16124}
	EndGlobalSection
EndGlobal
